dependencies:
- name: redis
  repository: https://charts.bitnami.com/bitnami
  version: 18.6.0
- name: postgresql
  repository: https://charts.bitnami.com/bitnami
  version: 13.2.24
digest: sha256:b216db3b9665867052d287027c1f4e10e8387236c8a0c3d3102e91dab8d2bbfc
generated: "2023-12-26T21:37:14.123029+05:30"
